<?xml version="1.0" encoding="UTF-8" standalone="yes" ?>
<CodeBlocks_project_file>
	<FileVersion major="1" minor="6" />
	<Project>
		<Option title="QR" />
		<Option pch_mode="2" />
		<Option compiler="gcc" />
		<Build>
			<Target title="Debug">
				<Option output="bin/Debug/QR" prefix_auto="1" extension_auto="1" />
				<Option object_output="obj/Debug/" />
				<Option type="1" />
				<Option compiler="gcc" />
				<Compiler>
					<Add option="-g" />
				</Compiler>
			</Target>
			<Target title="Release">
				<Option output="bin/Release/QR" prefix_auto="1" extension_auto="1" />
				<Option object_output="obj/Release/" />
				<Option type="1" />
				<Option compiler="gcc" />
				<Compiler>
					<Add option="-O2" />
				</Compiler>
				<Linker>
					<Add option="-s" />
				</Linker>
			</Target>
		</Build>
		<Compiler>
			<Add option="-Wall" />
			<Add option="-fexceptions" />
			<Add option="-pthread" />
			<Add directory="/usr/local/include/opencv4" />
			<Add directory="/usr/include/gstreamer-1.0" />
			<Add directory="/usr/lib/arm-linux-gnueabihf/glib-2.0/include" />
			<Add directory="/usr/include/glib-2.0" />
		</Compiler>
		<Linker>
			<Add option="`pkg-config --libs opencv4`" />
			<Add option="-pthread" />
			<Add option="-lzbar" />
			<Add library="/usr/lib/arm-linux-gnueabihf/libgobject-2.0.so" />
			<Add library="/usr/lib/arm-linux-gnueabihf/libgstreamer-1.0.so" />
			<Add library="/usr/lib/arm-linux-gnueabihf/libgstapp-1.0.so" />
			<Add directory="/usr/local/lib/" />
		</Linker>
		<Unit filename="main.cpp" />
		<Extensions />
	</Project>
</CodeBlocks_project_file>
